
Microsoft Visual Studio Solution File, Format Version 12.00
# Visual Studio 15
VisualStudioVersion = 15.0.26730.12
MinimumVisualStudioVersion = 10.0.40219.1
Project("{FAE04EC0-301F-11D3-BF4B-00C04F79EFBC}") = "Swin-Adventure", "Swin-Adventure\Swin-Adventure.csproj", "{F5FDD58C-8670-4B98-8962-73FEAF2D0D34}"
EndProject
Global
	GlobalSection(SolutionConfigurationPlatforms) = preSolution
		Debug|Any CPU = Debug|Any CPU
		Release|Any CPU = Release|Any CPU
	EndGlobalSection
	GlobalSection(ProjectConfigurationPlatforms) = postSolution
		{F5FDD58C-8670-4B98-8962-73FEAF2D0D34}.Debug|Any CPU.ActiveCfg = Debug|Any CPU
		{F5FDD58C-8670-4B98-8962-73FEAF2D0D34}.Debug|Any CPU.Build.0 = Debug|Any CPU
		{F5FDD58C-8670-4B98-8962-73FEAF2D0D34}.Release|Any CPU.ActiveCfg = Release|Any CPU
		{F5FDD58C-8670-4B98-8962-73FEAF2D0D34}.Release|Any CPU.Build.0 = Release|Any CPU
	EndGlobalSection
	GlobalSection(SolutionProperties) = preSolution
		HideSolutionNode = FALSE
	EndGlobalSection
	GlobalSection(ExtensibilityGlobals) = postSolution
		SolutionGuid = {C3E7F213-7C7E-4811-8C6B-2B0E8889B311}
	EndGlobalSection
EndGlobal
